
Microsoft Visual Studio Solution File, Format Version 12.00
# Visual Studio Version 17
VisualStudioVersion = 17.7.34221.43
MinimumVisualStudioVersion = 10.0.40219.1
Project("{FAE04EC0-301F-11D3-BF4B-00C04F79EFBC}") = "ApplicationManager", "ApplicationManager\ApplicationManager.csproj", "{B308BCD8-8B58-4B4B-92FD-D6FEFCD4676F}"
EndProject
Global
	GlobalSection(SolutionConfigurationPlatforms) = preSolution
		Debug|Any CPU = Debug|Any CPU
		Release|Any CPU = Release|Any CPU
	EndGlobalSection
	GlobalSection(ProjectConfigurationPlatforms) = postSolution
		{B308BCD8-8B58-4B4B-92FD-D6FEFCD4676F}.Debug|Any CPU.ActiveCfg = Debug|Any CPU
		{B308BCD8-8B58-4B4B-92FD-D6FEFCD4676F}.Debug|Any CPU.Build.0 = Debug|Any CPU
		{B308BCD8-8B58-4B4B-92FD-D6FEFCD4676F}.Release|Any CPU.ActiveCfg = Release|Any CPU
		{B308BCD8-8B58-4B4B-92FD-D6FEFCD4676F}.Release|Any CPU.Build.0 = Release|Any CPU
	EndGlobalSection
	GlobalSection(SolutionProperties) = preSolution
		HideSolutionNode = FALSE
	EndGlobalSection
	GlobalSection(ExtensibilityGlobals) = postSolution
		SolutionGuid = {446F2871-2352-43B0-87D8-1EC9B3ECAA2C}
	EndGlobalSection
EndGlobal
